
Microsoft Visual Studio Solution File, Format Version 12.00
# Visual Studio Version 16
VisualStudioVersion = 16.0.29613.14
MinimumVisualStudioVersion = 10.0.40219.1
Project("{FAE04EC0-301F-11D3-BF4B-00C04F79EFBC}") = "QRCodeFactory", "QRCodeFactory\QRCodeFactory.csproj", "{4DE4E86E-064A-4A4F-90F6-5A881E6355ED}"
EndProject
Global
	GlobalSection(SolutionConfigurationPlatforms) = preSolution
		Debug|Any CPU = Debug|Any CPU
		Release|Any CPU = Release|Any CPU
	EndGlobalSection
	GlobalSection(ProjectConfigurationPlatforms) = postSolution
		{4DE4E86E-064A-4A4F-90F6-5A881E6355ED}.Debug|Any CPU.ActiveCfg = Debug|Any CPU
		{4DE4E86E-064A-4A4F-90F6-5A881E6355ED}.Debug|Any CPU.Build.0 = Debug|Any CPU
		{4DE4E86E-064A-4A4F-90F6-5A881E6355ED}.Release|Any CPU.ActiveCfg = Release|Any CPU
		{4DE4E86E-064A-4A4F-90F6-5A881E6355ED}.Release|Any CPU.Build.0 = Release|Any CPU
	EndGlobalSection
	GlobalSection(SolutionProperties) = preSolution
		HideSolutionNode = FALSE
	EndGlobalSection
	GlobalSection(ExtensibilityGlobals) = postSolution
		SolutionGuid = {C8C353D3-C04E-4E87-9326-FEE12FE893A5}
	EndGlobalSection
EndGlobal
